
Microsoft Visual Studio Solution File, Format Version 12.00
# Visual Studio 15
VisualStudioVersion = 15.0.26730.8
MinimumVisualStudioVersion = 10.0.40219.1
Project("{FAE04EC0-301F-11D3-BF4B-00C04F79EFBC}") = "Ex09_Query_Mess", "Ex09_Query_Mess\Ex09_Query_Mess.csproj", "{B0E9A10E-9355-4F88-A994-D1F9A786D297}"
EndProject
Global
	GlobalSection(SolutionConfigurationPlatforms) = preSolution
		Debug|Any CPU = Debug|Any CPU
		Release|Any CPU = Release|Any CPU
	EndGlobalSection
	GlobalSection(ProjectConfigurationPlatforms) = postSolution
		{B0E9A10E-9355-4F88-A994-D1F9A786D297}.Debug|Any CPU.ActiveCfg = Debug|Any CPU
		{B0E9A10E-9355-4F88-A994-D1F9A786D297}.Debug|Any CPU.Build.0 = Debug|Any CPU
		{B0E9A10E-9355-4F88-A994-D1F9A786D297}.Release|Any CPU.ActiveCfg = Release|Any CPU
		{B0E9A10E-9355-4F88-A994-D1F9A786D297}.Release|Any CPU.Build.0 = Release|Any CPU
	EndGlobalSection
	GlobalSection(SolutionProperties) = preSolution
		HideSolutionNode = FALSE
	EndGlobalSection
	GlobalSection(ExtensibilityGlobals) = postSolution
		SolutionGuid = {F4BF4C6E-F9DB-4411-BFC0-D89188B92EBD}
	EndGlobalSection
EndGlobal
