
Microsoft Visual Studio Solution File, Format Version 12.00
# Visual Studio 15
VisualStudioVersion = 15.0.26228.4
MinimumVisualStudioVersion = 10.0.40219.1
Project("{FAE04EC0-301F-11D3-BF4B-00C04F79EFBC}") = "Ex12_Legendary_Farming", "Ex12_Legendary_Farming\Ex12_Legendary_Farming.csproj", "{471524F9-C5CC-41B8-9CDE-6D9BCF52D5B8}"
EndProject
Global
	GlobalSection(SolutionConfigurationPlatforms) = preSolution
		Debug|Any CPU = Debug|Any CPU
		Release|Any CPU = Release|Any CPU
	EndGlobalSection
	GlobalSection(ProjectConfigurationPlatforms) = postSolution
		{471524F9-C5CC-41B8-9CDE-6D9BCF52D5B8}.Debug|Any CPU.ActiveCfg = Debug|Any CPU
		{471524F9-C5CC-41B8-9CDE-6D9BCF52D5B8}.Debug|Any CPU.Build.0 = Debug|Any CPU
		{471524F9-C5CC-41B8-9CDE-6D9BCF52D5B8}.Release|Any CPU.ActiveCfg = Release|Any CPU
		{471524F9-C5CC-41B8-9CDE-6D9BCF52D5B8}.Release|Any CPU.Build.0 = Release|Any CPU
	EndGlobalSection
	GlobalSection(SolutionProperties) = preSolution
		HideSolutionNode = FALSE
	EndGlobalSection
EndGlobal
