
Microsoft Visual Studio Solution File, Format Version 12.00
# Visual Studio 15
VisualStudioVersion = 15.0.26228.4
MinimumVisualStudioVersion = 10.0.40219.1
Project("{FAE04EC0-301F-11D3-BF4B-00C04F79EFBC}") = "Ex4_Basic_Queue_Operations", "Ex4_Basic_Queue_Operations\Ex4_Basic_Queue_Operations.csproj", "{D2F49E13-34A2-4C1E-AF1E-047F6555BF28}"
EndProject
Global
	GlobalSection(SolutionConfigurationPlatforms) = preSolution
		Debug|Any CPU = Debug|Any CPU
		Release|Any CPU = Release|Any CPU
	EndGlobalSection
	GlobalSection(ProjectConfigurationPlatforms) = postSolution
		{D2F49E13-34A2-4C1E-AF1E-047F6555BF28}.Debug|Any CPU.ActiveCfg = Debug|Any CPU
		{D2F49E13-34A2-4C1E-AF1E-047F6555BF28}.Debug|Any CPU.Build.0 = Debug|Any CPU
		{D2F49E13-34A2-4C1E-AF1E-047F6555BF28}.Release|Any CPU.ActiveCfg = Release|Any CPU
		{D2F49E13-34A2-4C1E-AF1E-047F6555BF28}.Release|Any CPU.Build.0 = Release|Any CPU
	EndGlobalSection
	GlobalSection(SolutionProperties) = preSolution
		HideSolutionNode = FALSE
	EndGlobalSection
EndGlobal
