
Microsoft Visual Studio Solution File, Format Version 12.00
# Visual Studio 15
VisualStudioVersion = 15.0.26228.4
MinimumVisualStudioVersion = 10.0.40219.1
Project("{FAE04EC0-301F-11D3-BF4B-00C04F79EFBC}") = "Ex2_Change_List", "Ex2_Change_List\Ex2_Change_List.csproj", "{10B60EF3-FE8A-4B9A-8090-DFDFDC2B0407}"
EndProject
Global
	GlobalSection(SolutionConfigurationPlatforms) = preSolution
		Debug|Any CPU = Debug|Any CPU
		Release|Any CPU = Release|Any CPU
	EndGlobalSection
	GlobalSection(ProjectConfigurationPlatforms) = postSolution
		{10B60EF3-FE8A-4B9A-8090-DFDFDC2B0407}.Debug|Any CPU.ActiveCfg = Debug|Any CPU
		{10B60EF3-FE8A-4B9A-8090-DFDFDC2B0407}.Debug|Any CPU.Build.0 = Debug|Any CPU
		{10B60EF3-FE8A-4B9A-8090-DFDFDC2B0407}.Release|Any CPU.ActiveCfg = Release|Any CPU
		{10B60EF3-FE8A-4B9A-8090-DFDFDC2B0407}.Release|Any CPU.Build.0 = Release|Any CPU
	EndGlobalSection
	GlobalSection(SolutionProperties) = preSolution
		HideSolutionNode = FALSE
	EndGlobalSection
EndGlobal
