
Microsoft Visual Studio Solution File, Format Version 12.00
# Visual Studio 15
VisualStudioVersion = 15.0.26228.4
MinimumVisualStudioVersion = 10.0.40219.1
Project("{FAE04EC0-301F-11D3-BF4B-00C04F79EFBC}") = "Ex7_Balanced_Parenthesis", "Ex7_Balanced_Parenthesis\Ex7_Balanced_Parenthesis.csproj", "{D36591E1-B974-436B-9F83-841BA0B1BDA7}"
EndProject
Global
	GlobalSection(SolutionConfigurationPlatforms) = preSolution
		Debug|Any CPU = Debug|Any CPU
		Release|Any CPU = Release|Any CPU
	EndGlobalSection
	GlobalSection(ProjectConfigurationPlatforms) = postSolution
		{D36591E1-B974-436B-9F83-841BA0B1BDA7}.Debug|Any CPU.ActiveCfg = Debug|Any CPU
		{D36591E1-B974-436B-9F83-841BA0B1BDA7}.Debug|Any CPU.Build.0 = Debug|Any CPU
		{D36591E1-B974-436B-9F83-841BA0B1BDA7}.Release|Any CPU.ActiveCfg = Release|Any CPU
		{D36591E1-B974-436B-9F83-841BA0B1BDA7}.Release|Any CPU.Build.0 = Release|Any CPU
	EndGlobalSection
	GlobalSection(SolutionProperties) = preSolution
		HideSolutionNode = FALSE
	EndGlobalSection
EndGlobal
