
Microsoft Visual Studio Solution File, Format Version 12.00
# Visual Studio 15
VisualStudioVersion = 15.0.26228.4
MinimumVisualStudioVersion = 10.0.40219.1
Project("{FAE04EC0-301F-11D3-BF4B-00C04F79EFBC}") = "Ex9_TeamWork_Projects", "Ex9_TeamWork_Projects\Ex9_TeamWork_Projects.csproj", "{F8DBB214-0581-4383-9510-4A228A5C306D}"
EndProject
Global
	GlobalSection(SolutionConfigurationPlatforms) = preSolution
		Debug|Any CPU = Debug|Any CPU
		Release|Any CPU = Release|Any CPU
	EndGlobalSection
	GlobalSection(ProjectConfigurationPlatforms) = postSolution
		{F8DBB214-0581-4383-9510-4A228A5C306D}.Debug|Any CPU.ActiveCfg = Debug|Any CPU
		{F8DBB214-0581-4383-9510-4A228A5C306D}.Debug|Any CPU.Build.0 = Debug|Any CPU
		{F8DBB214-0581-4383-9510-4A228A5C306D}.Release|Any CPU.ActiveCfg = Release|Any CPU
		{F8DBB214-0581-4383-9510-4A228A5C306D}.Release|Any CPU.Build.0 = Release|Any CPU
	EndGlobalSection
	GlobalSection(SolutionProperties) = preSolution
		HideSolutionNode = FALSE
	EndGlobalSection
EndGlobal
