
Microsoft Visual Studio Solution File, Format Version 12.00
# Visual Studio 15
VisualStudioVersion = 15.0.26730.8
MinimumVisualStudioVersion = 10.0.40219.1
Project("{FAE04EC0-301F-11D3-BF4B-00C04F79EFBC}") = "Ex10_Unicode_Characters", "Ex10_Unicode_Characters\Ex10_Unicode_Characters.csproj", "{C635D0BA-8ED2-47BA-9211-A37C5FE23EBA}"
EndProject
Global
	GlobalSection(SolutionConfigurationPlatforms) = preSolution
		Debug|Any CPU = Debug|Any CPU
		Release|Any CPU = Release|Any CPU
	EndGlobalSection
	GlobalSection(ProjectConfigurationPlatforms) = postSolution
		{C635D0BA-8ED2-47BA-9211-A37C5FE23EBA}.Debug|Any CPU.ActiveCfg = Debug|Any CPU
		{C635D0BA-8ED2-47BA-9211-A37C5FE23EBA}.Debug|Any CPU.Build.0 = Debug|Any CPU
		{C635D0BA-8ED2-47BA-9211-A37C5FE23EBA}.Release|Any CPU.ActiveCfg = Release|Any CPU
		{C635D0BA-8ED2-47BA-9211-A37C5FE23EBA}.Release|Any CPU.Build.0 = Release|Any CPU
	EndGlobalSection
	GlobalSection(SolutionProperties) = preSolution
		HideSolutionNode = FALSE
	EndGlobalSection
	GlobalSection(ExtensibilityGlobals) = postSolution
		SolutionGuid = {0A5626DB-60EF-4BBB-8EED-82147C06A4C1}
	EndGlobalSection
EndGlobal
