
Microsoft Visual Studio Solution File, Format Version 12.00
# Visual Studio 15
VisualStudioVersion = 15.0.26228.4
MinimumVisualStudioVersion = 10.0.40219.1
Project("{FAE04EC0-301F-11D3-BF4B-00C04F79EFBC}") = "Ex2_Command_Interpreter", "Ex2_Command_Interpreter\Ex2_Command_Interpreter.csproj", "{153A0760-9D8F-4FBF-BE1E-0337F2425DBA}"
EndProject
Global
	GlobalSection(SolutionConfigurationPlatforms) = preSolution
		Debug|Any CPU = Debug|Any CPU
		Release|Any CPU = Release|Any CPU
	EndGlobalSection
	GlobalSection(ProjectConfigurationPlatforms) = postSolution
		{153A0760-9D8F-4FBF-BE1E-0337F2425DBA}.Debug|Any CPU.ActiveCfg = Debug|Any CPU
		{153A0760-9D8F-4FBF-BE1E-0337F2425DBA}.Debug|Any CPU.Build.0 = Debug|Any CPU
		{153A0760-9D8F-4FBF-BE1E-0337F2425DBA}.Release|Any CPU.ActiveCfg = Release|Any CPU
		{153A0760-9D8F-4FBF-BE1E-0337F2425DBA}.Release|Any CPU.Build.0 = Release|Any CPU
	EndGlobalSection
	GlobalSection(SolutionProperties) = preSolution
		HideSolutionNode = FALSE
	EndGlobalSection
EndGlobal
