
Microsoft Visual Studio Solution File, Format Version 12.00
# Visual Studio 15
VisualStudioVersion = 15.0.26730.8
MinimumVisualStudioVersion = 10.0.40219.1
Project("{FAE04EC0-301F-11D3-BF4B-00C04F79EFBC}") = "07_Predicate_For_Names", "07_Predicate_For_Names\07_Predicate_For_Names.csproj", "{873D3AC3-8DE4-4A4D-8E6A-9EC4CDBE515F}"
EndProject
Global
	GlobalSection(SolutionConfigurationPlatforms) = preSolution
		Debug|Any CPU = Debug|Any CPU
		Release|Any CPU = Release|Any CPU
	EndGlobalSection
	GlobalSection(ProjectConfigurationPlatforms) = postSolution
		{873D3AC3-8DE4-4A4D-8E6A-9EC4CDBE515F}.Debug|Any CPU.ActiveCfg = Debug|Any CPU
		{873D3AC3-8DE4-4A4D-8E6A-9EC4CDBE515F}.Debug|Any CPU.Build.0 = Debug|Any CPU
		{873D3AC3-8DE4-4A4D-8E6A-9EC4CDBE515F}.Release|Any CPU.ActiveCfg = Release|Any CPU
		{873D3AC3-8DE4-4A4D-8E6A-9EC4CDBE515F}.Release|Any CPU.Build.0 = Release|Any CPU
	EndGlobalSection
	GlobalSection(SolutionProperties) = preSolution
		HideSolutionNode = FALSE
	EndGlobalSection
	GlobalSection(ExtensibilityGlobals) = postSolution
		SolutionGuid = {485EC320-FD21-4ABE-8021-F7BC71EE6210}
	EndGlobalSection
EndGlobal
