
Microsoft Visual Studio Solution File, Format Version 12.00
# Visual Studio 15
VisualStudioVersion = 15.0.26730.8
MinimumVisualStudioVersion = 10.0.40219.1
Project("{FAE04EC0-301F-11D3-BF4B-00C04F79EFBC}") = "Ex11_Palindromes", "Ex11_Palindromes\Ex11_Palindromes.csproj", "{5E587C74-7DD1-4AFB-BA52-D340D3B7DD6A}"
EndProject
Global
	GlobalSection(SolutionConfigurationPlatforms) = preSolution
		Debug|Any CPU = Debug|Any CPU
		Release|Any CPU = Release|Any CPU
	EndGlobalSection
	GlobalSection(ProjectConfigurationPlatforms) = postSolution
		{5E587C74-7DD1-4AFB-BA52-D340D3B7DD6A}.Debug|Any CPU.ActiveCfg = Debug|Any CPU
		{5E587C74-7DD1-4AFB-BA52-D340D3B7DD6A}.Debug|Any CPU.Build.0 = Debug|Any CPU
		{5E587C74-7DD1-4AFB-BA52-D340D3B7DD6A}.Release|Any CPU.ActiveCfg = Release|Any CPU
		{5E587C74-7DD1-4AFB-BA52-D340D3B7DD6A}.Release|Any CPU.Build.0 = Release|Any CPU
	EndGlobalSection
	GlobalSection(SolutionProperties) = preSolution
		HideSolutionNode = FALSE
	EndGlobalSection
	GlobalSection(ExtensibilityGlobals) = postSolution
		SolutionGuid = {3EC61C49-FCBA-44D4-A0B7-971B8D06C875}
	EndGlobalSection
EndGlobal
