
Microsoft Visual Studio Solution File, Format Version 12.00
# Visual Studio 15
VisualStudioVersion = 15.0.26730.8
MinimumVisualStudioVersion = 10.0.40219.1
Project("{FAE04EC0-301F-11D3-BF4B-00C04F79EFBC}") = "Ex10_Group_By_Group", "Ex10_Group_By_Group\Ex10_Group_By_Group.csproj", "{83AB4E05-EEBB-4764-AD3B-5C3C53AD5427}"
EndProject
Global
	GlobalSection(SolutionConfigurationPlatforms) = preSolution
		Debug|Any CPU = Debug|Any CPU
		Release|Any CPU = Release|Any CPU
	EndGlobalSection
	GlobalSection(ProjectConfigurationPlatforms) = postSolution
		{83AB4E05-EEBB-4764-AD3B-5C3C53AD5427}.Debug|Any CPU.ActiveCfg = Debug|Any CPU
		{83AB4E05-EEBB-4764-AD3B-5C3C53AD5427}.Debug|Any CPU.Build.0 = Debug|Any CPU
		{83AB4E05-EEBB-4764-AD3B-5C3C53AD5427}.Release|Any CPU.ActiveCfg = Release|Any CPU
		{83AB4E05-EEBB-4764-AD3B-5C3C53AD5427}.Release|Any CPU.Build.0 = Release|Any CPU
	EndGlobalSection
	GlobalSection(SolutionProperties) = preSolution
		HideSolutionNode = FALSE
	EndGlobalSection
	GlobalSection(ExtensibilityGlobals) = postSolution
		SolutionGuid = {7A34075E-1ADC-43CD-AB5E-3347FF413FC4}
	EndGlobalSection
EndGlobal
