
Microsoft Visual Studio Solution File, Format Version 12.00
# Visual Studio 15
VisualStudioVersion = 15.0.26228.4
MinimumVisualStudioVersion = 10.0.40219.1
Project("{FAE04EC0-301F-11D3-BF4B-00C04F79EFBC}") = "Ex2_Base_Convert", "Ex2_Base_Convert\Ex2_Base_Convert.csproj", "{489F05A6-6030-4F5B-839C-2A1F8D0BFFA6}"
EndProject
Global
	GlobalSection(SolutionConfigurationPlatforms) = preSolution
		Debug|Any CPU = Debug|Any CPU
		Release|Any CPU = Release|Any CPU
	EndGlobalSection
	GlobalSection(ProjectConfigurationPlatforms) = postSolution
		{489F05A6-6030-4F5B-839C-2A1F8D0BFFA6}.Debug|Any CPU.ActiveCfg = Debug|Any CPU
		{489F05A6-6030-4F5B-839C-2A1F8D0BFFA6}.Debug|Any CPU.Build.0 = Debug|Any CPU
		{489F05A6-6030-4F5B-839C-2A1F8D0BFFA6}.Release|Any CPU.ActiveCfg = Release|Any CPU
		{489F05A6-6030-4F5B-839C-2A1F8D0BFFA6}.Release|Any CPU.Build.0 = Release|Any CPU
	EndGlobalSection
	GlobalSection(SolutionProperties) = preSolution
		HideSolutionNode = FALSE
	EndGlobalSection
EndGlobal
