
Microsoft Visual Studio Solution File, Format Version 12.00
# Visual Studio 15
VisualStudioVersion = 15.0.26730.8
MinimumVisualStudioVersion = 10.0.40219.1
Project("{FAE04EC0-301F-11D3-BF4B-00C04F79EFBC}") = "Ex01_Match_Full_Name", "Ex01_Match_Full_Name\Ex01_Match_Full_Name.csproj", "{C849FD74-6A24-4823-906D-48A2C9E54D16}"
EndProject
Global
	GlobalSection(SolutionConfigurationPlatforms) = preSolution
		Debug|Any CPU = Debug|Any CPU
		Release|Any CPU = Release|Any CPU
	EndGlobalSection
	GlobalSection(ProjectConfigurationPlatforms) = postSolution
		{C849FD74-6A24-4823-906D-48A2C9E54D16}.Debug|Any CPU.ActiveCfg = Debug|Any CPU
		{C849FD74-6A24-4823-906D-48A2C9E54D16}.Debug|Any CPU.Build.0 = Debug|Any CPU
		{C849FD74-6A24-4823-906D-48A2C9E54D16}.Release|Any CPU.ActiveCfg = Release|Any CPU
		{C849FD74-6A24-4823-906D-48A2C9E54D16}.Release|Any CPU.Build.0 = Release|Any CPU
	EndGlobalSection
	GlobalSection(SolutionProperties) = preSolution
		HideSolutionNode = FALSE
	EndGlobalSection
	GlobalSection(ExtensibilityGlobals) = postSolution
		SolutionGuid = {1003B79D-BAB1-47CE-B9F3-D0738AE3611C}
	EndGlobalSection
EndGlobal
