
Microsoft Visual Studio Solution File, Format Version 12.00
# Visual Studio 15
VisualStudioVersion = 15.0.26730.8
MinimumVisualStudioVersion = 10.0.40219.1
Project("{FAE04EC0-301F-11D3-BF4B-00C04F79EFBC}") = "Ex06_Reverse_And_Exclude", "Ex06_Reverse_And_Exclude\Ex06_Reverse_And_Exclude.csproj", "{CEA630E6-4D33-4325-8DB5-6D1A2D063EEE}"
EndProject
Global
	GlobalSection(SolutionConfigurationPlatforms) = preSolution
		Debug|Any CPU = Debug|Any CPU
		Release|Any CPU = Release|Any CPU
	EndGlobalSection
	GlobalSection(ProjectConfigurationPlatforms) = postSolution
		{CEA630E6-4D33-4325-8DB5-6D1A2D063EEE}.Debug|Any CPU.ActiveCfg = Debug|Any CPU
		{CEA630E6-4D33-4325-8DB5-6D1A2D063EEE}.Debug|Any CPU.Build.0 = Debug|Any CPU
		{CEA630E6-4D33-4325-8DB5-6D1A2D063EEE}.Release|Any CPU.ActiveCfg = Release|Any CPU
		{CEA630E6-4D33-4325-8DB5-6D1A2D063EEE}.Release|Any CPU.Build.0 = Release|Any CPU
	EndGlobalSection
	GlobalSection(SolutionProperties) = preSolution
		HideSolutionNode = FALSE
	EndGlobalSection
	GlobalSection(ExtensibilityGlobals) = postSolution
		SolutionGuid = {84F32C16-123B-4910-B7F1-D45448097F7F}
	EndGlobalSection
EndGlobal
