
Microsoft Visual Studio Solution File, Format Version 12.00
# Visual Studio 15
VisualStudioVersion = 15.0.26730.8
MinimumVisualStudioVersion = 10.0.40219.1
Project("{FAE04EC0-301F-11D3-BF4B-00C04F79EFBC}") = "Ex09_ Students_Enrolled", "Ex09_ Students_Enrolled\Ex09_ Students_Enrolled.csproj", "{F82782FD-8D71-4A15-A1E9-25807BC8D2FF}"
EndProject
Global
	GlobalSection(SolutionConfigurationPlatforms) = preSolution
		Debug|Any CPU = Debug|Any CPU
		Release|Any CPU = Release|Any CPU
	EndGlobalSection
	GlobalSection(ProjectConfigurationPlatforms) = postSolution
		{F82782FD-8D71-4A15-A1E9-25807BC8D2FF}.Debug|Any CPU.ActiveCfg = Debug|Any CPU
		{F82782FD-8D71-4A15-A1E9-25807BC8D2FF}.Debug|Any CPU.Build.0 = Debug|Any CPU
		{F82782FD-8D71-4A15-A1E9-25807BC8D2FF}.Release|Any CPU.ActiveCfg = Release|Any CPU
		{F82782FD-8D71-4A15-A1E9-25807BC8D2FF}.Release|Any CPU.Build.0 = Release|Any CPU
	EndGlobalSection
	GlobalSection(SolutionProperties) = preSolution
		HideSolutionNode = FALSE
	EndGlobalSection
	GlobalSection(ExtensibilityGlobals) = postSolution
		SolutionGuid = {715470F5-B009-4A91-B14C-3D631ED3611F}
	EndGlobalSection
EndGlobal
