
Microsoft Visual Studio Solution File, Format Version 12.00
# Visual Studio 15
VisualStudioVersion = 15.0.26730.8
MinimumVisualStudioVersion = 10.0.40219.1
Project("{FAE04EC0-301F-11D3-BF4B-00C04F79EFBC}") = "Ex13_Magic_Wxchangeable_Words", "Ex13_Magic_Wxchangeable_Words\Ex13_Magic_Wxchangeable_Words.csproj", "{FBB855E2-CCB0-46F2-8DA4-D9CE68866139}"
EndProject
Global
	GlobalSection(SolutionConfigurationPlatforms) = preSolution
		Debug|Any CPU = Debug|Any CPU
		Release|Any CPU = Release|Any CPU
	EndGlobalSection
	GlobalSection(ProjectConfigurationPlatforms) = postSolution
		{FBB855E2-CCB0-46F2-8DA4-D9CE68866139}.Debug|Any CPU.ActiveCfg = Debug|Any CPU
		{FBB855E2-CCB0-46F2-8DA4-D9CE68866139}.Debug|Any CPU.Build.0 = Debug|Any CPU
		{FBB855E2-CCB0-46F2-8DA4-D9CE68866139}.Release|Any CPU.ActiveCfg = Release|Any CPU
		{FBB855E2-CCB0-46F2-8DA4-D9CE68866139}.Release|Any CPU.Build.0 = Release|Any CPU
	EndGlobalSection
	GlobalSection(SolutionProperties) = preSolution
		HideSolutionNode = FALSE
	EndGlobalSection
	GlobalSection(ExtensibilityGlobals) = postSolution
		SolutionGuid = {5611910A-6980-430D-8F19-E2EF3CA4DA77}
	EndGlobalSection
EndGlobal
