
Microsoft Visual Studio Solution File, Format Version 12.00
# Visual Studio 15
VisualStudioVersion = 15.0.26228.4
MinimumVisualStudioVersion = 10.0.40219.1
Project("{FAE04EC0-301F-11D3-BF4B-00C04F79EFBC}") = "Ex11_Dragon_Army", "Ex11_Dragon_Army\Ex11_Dragon_Army.csproj", "{1CCC787D-70CC-4D63-AFD4-70760C26813D}"
EndProject
Global
	GlobalSection(SolutionConfigurationPlatforms) = preSolution
		Debug|Any CPU = Debug|Any CPU
		Release|Any CPU = Release|Any CPU
	EndGlobalSection
	GlobalSection(ProjectConfigurationPlatforms) = postSolution
		{1CCC787D-70CC-4D63-AFD4-70760C26813D}.Debug|Any CPU.ActiveCfg = Debug|Any CPU
		{1CCC787D-70CC-4D63-AFD4-70760C26813D}.Debug|Any CPU.Build.0 = Debug|Any CPU
		{1CCC787D-70CC-4D63-AFD4-70760C26813D}.Release|Any CPU.ActiveCfg = Release|Any CPU
		{1CCC787D-70CC-4D63-AFD4-70760C26813D}.Release|Any CPU.Build.0 = Release|Any CPU
	EndGlobalSection
	GlobalSection(SolutionProperties) = preSolution
		HideSolutionNode = FALSE
	EndGlobalSection
EndGlobal
